
Microsoft Visual Studio Solution File, Format Version 12.00
# Visual Studio Version 17
VisualStudioVersion = 17.4.33205.214
MinimumVisualStudioVersion = 10.0.40219.1
Project("{FAE04EC0-301F-11D3-BF4B-00C04F79EFBC}") = "FrontEndexce", "FrontEndexce.csproj", "{F2AA7B39-E6C2-4337-8BDC-E7A6E4E1D252}"
EndProject
Global
	GlobalSection(SolutionConfigurationPlatforms) = preSolution
		Debug|Any CPU = Debug|Any CPU
		Release|Any CPU = Release|Any CPU
	EndGlobalSection
	GlobalSection(ProjectConfigurationPlatforms) = postSolution
		{F2AA7B39-E6C2-4337-8BDC-E7A6E4E1D252}.Debug|Any CPU.ActiveCfg = Debug|Any CPU
		{F2AA7B39-E6C2-4337-8BDC-E7A6E4E1D252}.Debug|Any CPU.Build.0 = Debug|Any CPU
		{F2AA7B39-E6C2-4337-8BDC-E7A6E4E1D252}.Release|Any CPU.ActiveCfg = Release|Any CPU
		{F2AA7B39-E6C2-4337-8BDC-E7A6E4E1D252}.Release|Any CPU.Build.0 = Release|Any CPU
	EndGlobalSection
	GlobalSection(SolutionProperties) = preSolution
		HideSolutionNode = FALSE
	EndGlobalSection
	GlobalSection(ExtensibilityGlobals) = postSolution
		SolutionGuid = {2C394E90-B36A-4BBD-9D2B-AB3D66713C41}
	EndGlobalSection
EndGlobal
