
Microsoft Visual Studio Solution File, Format Version 12.00
# Visual Studio Version 17
VisualStudioVersion = 17.4.33205.214
MinimumVisualStudioVersion = 10.0.40219.1
Project("{FAE04EC0-301F-11D3-BF4B-00C04F79EFBC}") = "BoardWebApp", "BoardWebApp.csproj", "{C384A4C4-764A-4EE5-A38F-065E339F22FC}"
EndProject
Global
	GlobalSection(SolutionConfigurationPlatforms) = preSolution
		Debug|Any CPU = Debug|Any CPU
		Release|Any CPU = Release|Any CPU
	EndGlobalSection
	GlobalSection(ProjectConfigurationPlatforms) = postSolution
		{C384A4C4-764A-4EE5-A38F-065E339F22FC}.Debug|Any CPU.ActiveCfg = Debug|Any CPU
		{C384A4C4-764A-4EE5-A38F-065E339F22FC}.Debug|Any CPU.Build.0 = Debug|Any CPU
		{C384A4C4-764A-4EE5-A38F-065E339F22FC}.Release|Any CPU.ActiveCfg = Release|Any CPU
		{C384A4C4-764A-4EE5-A38F-065E339F22FC}.Release|Any CPU.Build.0 = Release|Any CPU
	EndGlobalSection
	GlobalSection(SolutionProperties) = preSolution
		HideSolutionNode = FALSE
	EndGlobalSection
	GlobalSection(ExtensibilityGlobals) = postSolution
		SolutionGuid = {E574448C-BA46-421C-AA48-B6DA457B39E1}
	EndGlobalSection
EndGlobal
